
Microsoft Visual Studio Solution File, Format Version 12.00
# Visual Studio Version 16
VisualStudioVersion = 16.0.29509.3
MinimumVisualStudioVersion = 10.0.40219.1
Project("{FAE04EC0-301F-11D3-BF4B-00C04F79EFBC}") = "Twitter webscraper", "Twitter webscraper\Twitter webscraper.csproj", "{D6DED279-0951-4A8D-A99B-E457B076E7D9}"
EndProject
Global
	GlobalSection(SolutionConfigurationPlatforms) = preSolution
		Debug|Any CPU = Debug|Any CPU
		Release|Any CPU = Release|Any CPU
	EndGlobalSection
	GlobalSection(ProjectConfigurationPlatforms) = postSolution
		{D6DED279-0951-4A8D-A99B-E457B076E7D9}.Debug|Any CPU.ActiveCfg = Debug|Any CPU
		{D6DED279-0951-4A8D-A99B-E457B076E7D9}.Debug|Any CPU.Build.0 = Debug|Any CPU
		{D6DED279-0951-4A8D-A99B-E457B076E7D9}.Release|Any CPU.ActiveCfg = Release|Any CPU
		{D6DED279-0951-4A8D-A99B-E457B076E7D9}.Release|Any CPU.Build.0 = Release|Any CPU
	EndGlobalSection
	GlobalSection(SolutionProperties) = preSolution
		HideSolutionNode = FALSE
	EndGlobalSection
	GlobalSection(ExtensibilityGlobals) = postSolution
		SolutionGuid = {1761D5FF-7030-4362-B1E3-DC3CEF1E12DC}
	EndGlobalSection
EndGlobal
